
Microsoft Visual Studio Solution File, Format Version 12.00
# Visual Studio Version 17
VisualStudioVersion = 17.11.35222.181
MinimumVisualStudioVersion = 10.0.40219.1
Project("{FAE04EC0-301F-11D3-BF4B-00C04F79EFBC}") = "WebAppAutorization", "WebAppAutorization.csproj", "{DF5A0FE3-5840-4CDD-B65C-15259226A33B}"
EndProject
Global
	GlobalSection(SolutionConfigurationPlatforms) = preSolution
		Debug|Any CPU = Debug|Any CPU
		Release|Any CPU = Release|Any CPU
	EndGlobalSection
	GlobalSection(ProjectConfigurationPlatforms) = postSolution
		{DF5A0FE3-5840-4CDD-B65C-15259226A33B}.Debug|Any CPU.ActiveCfg = Debug|Any CPU
		{DF5A0FE3-5840-4CDD-B65C-15259226A33B}.Debug|Any CPU.Build.0 = Debug|Any CPU
		{DF5A0FE3-5840-4CDD-B65C-15259226A33B}.Release|Any CPU.ActiveCfg = Release|Any CPU
		{DF5A0FE3-5840-4CDD-B65C-15259226A33B}.Release|Any CPU.Build.0 = Release|Any CPU
	EndGlobalSection
	GlobalSection(SolutionProperties) = preSolution
		HideSolutionNode = FALSE
	EndGlobalSection
	GlobalSection(ExtensibilityGlobals) = postSolution
		SolutionGuid = {E02B17DD-514F-4D73-B4B0-E21A309CADC6}
	EndGlobalSection
EndGlobal
